
Microsoft Visual Studio Solution File, Format Version 10.00
# Visual Studio 2008
Project("{FAE04EC0-301F-11D3-BF4B-00C04F79EFBC}") = "Orion.GameLogic", "Orion.GameLogic\Orion.GameLogic.csproj", "{98074D59-535C-4FBA-A47C-68FFD740C1CB}"
EndProject
Project("{FAE04EC0-301F-11D3-BF4B-00C04F79EFBC}") = "Orion.Core", "Orion.Core\Orion.Core.csproj", "{B45D29E4-B452-4850-8C4E-FB0564E071AB}"
EndProject
Project("{FAE04EC0-301F-11D3-BF4B-00C04F79EFBC}") = "Orion.Commandment", "Orion.Commandment\Orion.Commandment.csproj", "{84DCA135-541D-41F5-9118-C83324225E2B}"
EndProject
Project("{FAE04EC0-301F-11D3-BF4B-00C04F79EFBC}") = "Orion.Graphics", "Orion.Graphics\Orion.Graphics.csproj", "{7C9425D8-46B5-4AAF-BB02-E9953E696ED5}"
EndProject
Project("{FAE04EC0-301F-11D3-BF4B-00C04F79EFBC}") = "Orion.Main", "Orion.Main\Orion.Main.csproj", "{7C578DB5-788D-426E-B011-D4FD40875846}"
EndProject
Project("{FAE04EC0-301F-11D3-BF4B-00C04F79EFBC}") = "Orion.Networking", "Orion.Networking\Orion.Networking.csproj", "{D0480855-C463-4146-ADF8-642DA7129780}"
EndProject
Global
	GlobalSection(SolutionConfigurationPlatforms) = preSolution
		Debug|Any CPU = Debug|Any CPU
		Release|Any CPU = Release|Any CPU
	EndGlobalSection
	GlobalSection(ProjectConfigurationPlatforms) = postSolution
		{98074D59-535C-4FBA-A47C-68FFD740C1CB}.Debug|Any CPU.ActiveCfg = Debug|Any CPU
		{98074D59-535C-4FBA-A47C-68FFD740C1CB}.Debug|Any CPU.Build.0 = Debug|Any CPU
		{98074D59-535C-4FBA-A47C-68FFD740C1CB}.Release|Any CPU.ActiveCfg = Release|Any CPU
		{98074D59-535C-4FBA-A47C-68FFD740C1CB}.Release|Any CPU.Build.0 = Release|Any CPU
		{B45D29E4-B452-4850-8C4E-FB0564E071AB}.Debug|Any CPU.ActiveCfg = Debug|Any CPU
		{B45D29E4-B452-4850-8C4E-FB0564E071AB}.Debug|Any CPU.Build.0 = Debug|Any CPU
		{B45D29E4-B452-4850-8C4E-FB0564E071AB}.Release|Any CPU.ActiveCfg = Release|Any CPU
		{B45D29E4-B452-4850-8C4E-FB0564E071AB}.Release|Any CPU.Build.0 = Release|Any CPU
		{84DCA135-541D-41F5-9118-C83324225E2B}.Debug|Any CPU.ActiveCfg = Debug|Any CPU
		{84DCA135-541D-41F5-9118-C83324225E2B}.Debug|Any CPU.Build.0 = Debug|Any CPU
		{84DCA135-541D-41F5-9118-C83324225E2B}.Release|Any CPU.ActiveCfg = Release|Any CPU
		{84DCA135-541D-41F5-9118-C83324225E2B}.Release|Any CPU.Build.0 = Release|Any CPU
		{7C9425D8-46B5-4AAF-BB02-E9953E696ED5}.Debug|Any CPU.ActiveCfg = Debug|Any CPU
		{7C9425D8-46B5-4AAF-BB02-E9953E696ED5}.Debug|Any CPU.Build.0 = Debug|Any CPU
		{7C9425D8-46B5-4AAF-BB02-E9953E696ED5}.Release|Any CPU.ActiveCfg = Release|Any CPU
		{7C9425D8-46B5-4AAF-BB02-E9953E696ED5}.Release|Any CPU.Build.0 = Release|Any CPU
		{7C578DB5-788D-426E-B011-D4FD40875846}.Debug|Any CPU.ActiveCfg = Debug|Any CPU
		{7C578DB5-788D-426E-B011-D4FD40875846}.Debug|Any CPU.Build.0 = Debug|Any CPU
		{7C578DB5-788D-426E-B011-D4FD40875846}.Release|Any CPU.ActiveCfg = Release|Any CPU
		{7C578DB5-788D-426E-B011-D4FD40875846}.Release|Any CPU.Build.0 = Release|Any CPU
		{D0480855-C463-4146-ADF8-642DA7129780}.Debug|Any CPU.ActiveCfg = Debug|Any CPU
		{D0480855-C463-4146-ADF8-642DA7129780}.Debug|Any CPU.Build.0 = Debug|Any CPU
		{D0480855-C463-4146-ADF8-642DA7129780}.Release|Any CPU.ActiveCfg = Release|Any CPU
		{D0480855-C463-4146-ADF8-642DA7129780}.Release|Any CPU.Build.0 = Release|Any CPU
	EndGlobalSection
	GlobalSection(SolutionProperties) = preSolution
		HideSolutionNode = FALSE
	EndGlobalSection
	GlobalSection(MonoDevelopProperties) = preSolution
		StartupItem = Orion.GameLogic\Orion.GameLogic.csproj
	EndGlobalSection
EndGlobal
