
Microsoft Visual Studio Solution File, Format Version 10.00
# Visual Studio 2008
Project("{FAE04EC0-301F-11D3-BF4B-00C04F79EFBC}") = "Main", "Main\Main.csproj", "{7C578DB5-788D-426E-B011-D4FD40875846}"
EndProject
Project("{FAE04EC0-301F-11D3-BF4B-00C04F79EFBC}") = "Networking", "Networking\Networking.csproj", "{D812E25E-658E-4F6C-9BFC-F0F88A82A2C1}"
EndProject
Project("{FAE04EC0-301F-11D3-BF4B-00C04F79EFBC}") = "Tools.ReplayPrinter", "Tools.ReplayPrinter\Tools.ReplayPrinter.csproj", "{4761E0C8-AB6A-42BC-9789-05275E6E5F08}"
EndProject
Project("{2150E333-8FDC-42A3-9474-1A3956D46DE8}") = "Solution Items", "Solution Items", "{87BEE8DC-D12E-441B-A32B-09D225BB873C}"
EndProject
Project("{FAE04EC0-301F-11D3-BF4B-00C04F79EFBC}") = "Engine", "Engine\Engine.csproj", "{B45D29E4-B452-4850-8C4E-FB0564E071AB}"
EndProject
Project("{FAE04EC0-301F-11D3-BF4B-00C04F79EFBC}") = "Game.Simulation", "Game.Simulation\Game.Simulation.csproj", "{98074D59-535C-4FBA-A47C-68FFD740C1CB}"
EndProject
Project("{FAE04EC0-301F-11D3-BF4B-00C04F79EFBC}") = "Game.Matchmaking", "Game.Matchmaking\Game.Matchmaking.csproj", "{84DCA135-541D-41F5-9118-C83324225E2B}"
EndProject
Project("{FAE04EC0-301F-11D3-BF4B-00C04F79EFBC}") = "Game.Presentation", "Game.Presentation\Game.Presentation.csproj", "{F2382CAC-67F5-4246-B033-D586A1A68FA7}"
EndProject
Global
	GlobalSection(SolutionConfigurationPlatforms) = preSolution
		Debug|x86 = Debug|x86
		Release|x86 = Release|x86
	EndGlobalSection
	GlobalSection(ProjectConfigurationPlatforms) = postSolution
		{7C578DB5-788D-426E-B011-D4FD40875846}.Debug|x86.ActiveCfg = Debug|x86
		{7C578DB5-788D-426E-B011-D4FD40875846}.Debug|x86.Build.0 = Debug|x86
		{7C578DB5-788D-426E-B011-D4FD40875846}.Release|x86.ActiveCfg = Release|x86
		{7C578DB5-788D-426E-B011-D4FD40875846}.Release|x86.Build.0 = Release|x86
		{D812E25E-658E-4F6C-9BFC-F0F88A82A2C1}.Debug|x86.ActiveCfg = Debug|x86
		{D812E25E-658E-4F6C-9BFC-F0F88A82A2C1}.Debug|x86.Build.0 = Debug|x86
		{D812E25E-658E-4F6C-9BFC-F0F88A82A2C1}.Release|x86.ActiveCfg = Release|x86
		{D812E25E-658E-4F6C-9BFC-F0F88A82A2C1}.Release|x86.Build.0 = Release|x86
		{4761E0C8-AB6A-42BC-9789-05275E6E5F08}.Debug|x86.ActiveCfg = Debug|x86
		{4761E0C8-AB6A-42BC-9789-05275E6E5F08}.Debug|x86.Build.0 = Debug|x86
		{4761E0C8-AB6A-42BC-9789-05275E6E5F08}.Release|x86.ActiveCfg = Release|x86
		{4761E0C8-AB6A-42BC-9789-05275E6E5F08}.Release|x86.Build.0 = Release|x86
		{B45D29E4-B452-4850-8C4E-FB0564E071AB}.Debug|x86.ActiveCfg = Debug|x86
		{B45D29E4-B452-4850-8C4E-FB0564E071AB}.Debug|x86.Build.0 = Debug|x86
		{B45D29E4-B452-4850-8C4E-FB0564E071AB}.Release|x86.ActiveCfg = Release|x86
		{B45D29E4-B452-4850-8C4E-FB0564E071AB}.Release|x86.Build.0 = Release|x86
		{98074D59-535C-4FBA-A47C-68FFD740C1CB}.Debug|x86.ActiveCfg = Debug|x86
		{98074D59-535C-4FBA-A47C-68FFD740C1CB}.Debug|x86.Build.0 = Debug|x86
		{98074D59-535C-4FBA-A47C-68FFD740C1CB}.Release|x86.ActiveCfg = Release|x86
		{98074D59-535C-4FBA-A47C-68FFD740C1CB}.Release|x86.Build.0 = Release|x86
		{84DCA135-541D-41F5-9118-C83324225E2B}.Debug|x86.ActiveCfg = Debug|x86
		{84DCA135-541D-41F5-9118-C83324225E2B}.Debug|x86.Build.0 = Debug|x86
		{84DCA135-541D-41F5-9118-C83324225E2B}.Release|x86.ActiveCfg = Release|x86
		{84DCA135-541D-41F5-9118-C83324225E2B}.Release|x86.Build.0 = Release|x86
		{F2382CAC-67F5-4246-B033-D586A1A68FA7}.Debug|x86.ActiveCfg = Debug|x86
		{F2382CAC-67F5-4246-B033-D586A1A68FA7}.Debug|x86.Build.0 = Debug|x86
		{F2382CAC-67F5-4246-B033-D586A1A68FA7}.Release|x86.ActiveCfg = Release|x86
		{F2382CAC-67F5-4246-B033-D586A1A68FA7}.Release|x86.Build.0 = Release|x86
	EndGlobalSection
	GlobalSection(SolutionProperties) = preSolution
		HideSolutionNode = FALSE
	EndGlobalSection
	GlobalSection(ExtensibilityGlobals) = postSolution
		CodeStyleEnforcer_Active = 0
		CodeStyleEnforcer_RulesLocation = 
	EndGlobalSection
	GlobalSection(MonoDevelopProperties) = preSolution
		StartupItem = Orion.Main\Main.csproj
	EndGlobalSection
EndGlobal
